// !$*UTF8*$!
{
	archiveVersion = 1;
	classes = {
	};
	objectVersion = 46;
	objects = {

/* Begin PBXBuildFile section */
		2D4816A21EC0EB200001ABDD /* AppDelegate.swift in Sources */ = {isa = PBXBuildFile; fileRef = 2D4816A11EC0EB200001ABDD /* AppDelegate.swift */; };
		2D4816A91EC0EB200001ABDD /* Main.storyboard in Resources */ = {isa = PBXBuildFile; fileRef = 2D4816A71EC0EB200001ABDD /* Main.storyboard */; };
		2D4816AB1EC0EB200001ABDD /* Assets.xcassets in Resources */ = {isa = PBXBuildFile; fileRef = 2D4816AA1EC0EB200001ABDD /* Assets.xcassets */; };
		2D4816AE1EC0EB200001ABDD /* LaunchScreen.storyboard in Resources */ = {isa = PBXBuildFile; fileRef = 2D4816AC1EC0EB200001ABDD /* LaunchScreen.storyboard */; };
		2D4816B71EC0EB390001ABDD /* Realm.framework in Frameworks */ = {isa = PBXBuildFile; fileRef = 2D4816B51EC0EB390001ABDD /* Realm.framework */; };
		2D4816B81EC0EB390001ABDD /* Realm.framework in Embed Frameworks */ = {isa = PBXBuildFile; fileRef = 2D4816B51EC0EB390001ABDD /* Realm.framework */; settings = {ATTRIBUTES = (CodeSignOnCopy, RemoveHeadersOnCopy, ); }; };
		2D4816B91EC0EB390001ABDD /* RealmSwift.framework in Frameworks */ = {isa = PBXBuildFile; fileRef = 2D4816B61EC0EB390001ABDD /* RealmSwift.framework */; };
		2D4816BA1EC0EB390001ABDD /* RealmSwift.framework in Embed Frameworks */ = {isa = PBXBuildFile; fileRef = 2D4816B61EC0EB390001ABDD /* RealmSwift.framework */; settings = {ATTRIBUTES = (CodeSignOnCopy, RemoveHeadersOnCopy, ); }; };
		2D4816BE1EC0EB6F0001ABDD /* FavoritesTableViewController.swift in Sources */ = {isa = PBXBuildFile; fileRef = 2D4816BD1EC0EB6F0001ABDD /* FavoritesTableViewController.swift */; };
		2D4816C01EC0EC040001ABDD /* Video.swift in Sources */ = {isa = PBXBuildFile; fileRef = 2D4816BF1EC0EC040001ABDD /* Video.swift */; };
/* End PBXBuildFile section */

/* Begin PBXCopyFilesBuildPhase section */
		2D4816BB1EC0EB390001ABDD /* Embed Frameworks */ = {
			isa = PBXCopyFilesBuildPhase;
			buildActionMask = 2147483647;
			dstPath = "";
			dstSubfolderSpec = 10;
			files = (
				2D4816BA1EC0EB390001ABDD /* RealmSwift.framework in Embed Frameworks */,
				2D4816B81EC0EB390001ABDD /* Realm.framework in Embed Frameworks */,
			);
			name = "Embed Frameworks";
			runOnlyForDeploymentPostprocessing = 0;
		};
/* End PBXCopyFilesBuildPhase section */

/* Begin PBXFileReference section */
		2D48169E1EC0EB200001ABDD /* ProjectFour.app */ = {isa = PBXFileReference; explicitFileType = wrapper.application; includeInIndex = 0; path = ProjectFour.app; sourceTree = BUILT_PRODUCTS_DIR; };
		2D4816A11EC0EB200001ABDD /* AppDelegate.swift */ = {isa = PBXFileReference; lastKnownFileType = sourcecode.swift; path = AppDelegate.swift; sourceTree = "<group>"; };
		2D4816A81EC0EB200001ABDD /* Base */ = {isa = PBXFileReference; lastKnownFileType = file.storyboard; name = Base; path = Base.lproj/Main.storyboard; sourceTree = "<group>"; };
		2D4816AA1EC0EB200001ABDD /* Assets.xcassets */ = {isa = PBXFileReference; lastKnownFileType = folder.assetcatalog; path = Assets.xcassets; sourceTree = "<group>"; };
		2D4816AD1EC0EB200001ABDD /* Base */ = {isa = PBXFileReference; lastKnownFileType = file.storyboard; name = Base; path = Base.lproj/LaunchScreen.storyboard; sourceTree = "<group>"; };
		2D4816AF1EC0EB200001ABDD /* Info.plist */ = {isa = PBXFileReference; lastKnownFileType = text.plist.xml; path = Info.plist; sourceTree = "<group>"; };
		2D4816B51EC0EB390001ABDD /* Realm.framework */ = {isa = PBXFileReference; lastKnownFileType = wrapper.framework; path = Realm.framework; sourceTree = "<group>"; };
		2D4816B61EC0EB390001ABDD /* RealmSwift.framework */ = {isa = PBXFileReference; lastKnownFileType = wrapper.framework; path = RealmSwift.framework; sourceTree = "<group>"; };
		2D4816BD1EC0EB6F0001ABDD /* FavoritesTableViewController.swift */ = {isa = PBXFileReference; fileEncoding = 4; lastKnownFileType = sourcecode.swift; path = FavoritesTableViewController.swift; sourceTree = "<group>"; };
		2D4816BF1EC0EC040001ABDD /* Video.swift */ = {isa = PBXFileReference; fileEncoding = 4; lastKnownFileType = sourcecode.swift; path = Video.swift; sourceTree = "<group>"; };
/* End PBXFileReference section */

/* Begin PBXFrameworksBuildPhase section */
		2D48169B1EC0EB200001ABDD /* Frameworks */ = {
			isa = PBXFrameworksBuildPhase;
			buildActionMask = 2147483647;
			files = (
				2D4816B91EC0EB390001ABDD /* RealmSwift.framework in Frameworks */,
				2D4816B71EC0EB390001ABDD /* Realm.framework in Frameworks */,
			);
			runOnlyForDeploymentPostprocessing = 0;
		};
/* End PBXFrameworksBuildPhase section */

/* Begin PBXGroup section */
		2D4816951EC0EB200001ABDD = {
			isa = PBXGroup;
			children = (
				2D4816B51EC0EB390001ABDD /* Realm.framework */,
				2D4816B61EC0EB390001ABDD /* RealmSwift.framework */,
				2D4816A01EC0EB200001ABDD /* ProjectFour */,
				2D48169F1EC0EB200001ABDD /* Products */,
			);
			sourceTree = "<group>";
		};
		2D48169F1EC0EB200001ABDD /* Products */ = {
			isa = PBXGroup;
			children = (
				2D48169E1EC0EB200001ABDD /* ProjectFour.app */,
			);
			name = Products;
			sourceTree = "<group>";
		};
		2D4816A01EC0EB200001ABDD /* ProjectFour */ = {
			isa = PBXGroup;
			children = (
				2D4816BC1EC0EB450001ABDD /* Supporting Files */,
				2D4816A71EC0EB200001ABDD /* Main.storyboard */,
				2D4816BF1EC0EC040001ABDD /* Video.swift */,
				2D4816BD1EC0EB6F0001ABDD /* FavoritesTableViewController.swift */,
			);
			path = ProjectFour;
			sourceTree = "<group>";
		};
		2D4816BC1EC0EB450001ABDD /* Supporting Files */ = {
			isa = PBXGroup;
			children = (
				2D4816AF1EC0EB200001ABDD /* Info.plist */,
				2D4816A11EC0EB200001ABDD /* AppDelegate.swift */,
				2D4816AA1EC0EB200001ABDD /* Assets.xcassets */,
				2D4816AC1EC0EB200001ABDD /* LaunchScreen.storyboard */,
			);
			name = "Supporting Files";
			sourceTree = "<group>";
		};
/* End PBXGroup section */

/* Begin PBXNativeTarget section */
		2D48169D1EC0EB200001ABDD /* ProjectFour */ = {
			isa = PBXNativeTarget;
			buildConfigurationList = 2D4816B21EC0EB200001ABDD /* Build configuration list for PBXNativeTarget "ProjectFour" */;
			buildPhases = (
				2D48169A1EC0EB200001ABDD /* Sources */,
				2D48169B1EC0EB200001ABDD /* Frameworks */,
				2D48169C1EC0EB200001ABDD /* Resources */,
				2D4816BB1EC0EB390001ABDD /* Embed Frameworks */,
			);
			buildRules = (
			);
			dependencies = (
			);
			name = ProjectFour;
			productName = ProjectFour;
			productReference = 2D48169E1EC0EB200001ABDD /* ProjectFour.app */;
			productType = "com.apple.product-type.application";
		};
/* End PBXNativeTarget section */

/* Begin PBXProject section */
		2D4816961EC0EB200001ABDD /* Project object */ = {
			isa = PBXProject;
			attributes = {
				LastSwiftUpdateCheck = 0830;
				LastUpgradeCheck = 0830;
				ORGANIZATIONNAME = "Grey Patterson";
				TargetAttributes = {
					2D48169D1EC0EB200001ABDD = {
						CreatedOnToolsVersion = 8.3.2;
						DevelopmentTeam = W6KVFT267T;
						ProvisioningStyle = Automatic;
					};
				};
			};
			buildConfigurationList = 2D4816991EC0EB200001ABDD /* Build configuration list for PBXProject "ProjectFour" */;
			compatibilityVersion = "Xcode 3.2";
			developmentRegion = English;
			hasScannedForEncodings = 0;
			knownRegions = (
				en,
				Base,
			);
			mainGroup = 2D4816951EC0EB200001ABDD;
			productRefGroup = 2D48169F1EC0EB200001ABDD /* Products */;
			projectDirPath = "";
			projectRoot = "";
			targets = (
				2D48169D1EC0EB200001ABDD /* ProjectFour */,
			);
		};
/* End PBXProject section */

/* Begin PBXResourcesBuildPhase section */
		2D48169C1EC0EB200001ABDD /* Resources */ = {
			isa = PBXResourcesBuildPhase;
			buildActionMask = 2147483647;
			files = (
				2D4816AE1EC0EB200001ABDD /* LaunchScreen.storyboard in Resources */,
				2D4816AB1EC0EB200001ABDD /* Assets.xcassets in Resources */,
				2D4816A91EC0EB200001ABDD /* Main.storyboard in Resources */,
			);
			runOnlyForDeploymentPostprocessing = 0;
		};
/* End PBXResourcesBuildPhase section */

/* Begin PBXSourcesBuildPhase section */
		2D48169A1EC0EB200001ABDD /* Sources */ = {
			isa = PBXSourcesBuildPhase;
			buildActionMask = 2147483647;
			files = (
				2D4816A21EC0EB200001ABDD /* AppDelegate.swift in Sources */,
				2D4816C01EC0EC040001ABDD /* Video.swift in Sources */,
				2D4816BE1EC0EB6F0001ABDD /* FavoritesTableViewController.swift in Sources */,
			);
			runOnlyForDeploymentPostprocessing = 0;
		};
/* End PBXSourcesBuildPhase section */

/* Begin PBXVariantGroup section */
		2D4816A71EC0EB200001ABDD /* Main.storyboard */ = {
			isa = PBXVariantGroup;
			children = (
				2D4816A81EC0EB200001ABDD /* Base */,
			);
			name = Main.storyboard;
			sourceTree = "<group>";
		};
		2D4816AC1EC0EB200001ABDD /* LaunchScreen.storyboard */ = {
			isa = PBXVariantGroup;
			children = (
				2D4816AD1EC0EB200001ABDD /* Base */,
			);
			name = LaunchScreen.storyboard;
			sourceTree = "<group>";
		};
/* End PBXVariantGroup section */

/* Begin XCBuildConfiguration section */
		2D4816B01EC0EB200001ABDD /* Debug */ = {
			isa = XCBuildConfiguration;
			buildSettings = {
				ALWAYS_SEARCH_USER_PATHS = NO;
				CLANG_ANALYZER_NONNULL = YES;
				CLANG_ANALYZER_NUMBER_OBJECT_CONVERSION = YES_AGGRESSIVE;
				CLANG_CXX_LANGUAGE_STANDARD = "gnu++0x";
				CLANG_CXX_LIBRARY = "libc++";
				CLANG_ENABLE_MODULES = YES;
				CLANG_ENABLE_OBJC_ARC = YES;
				CLANG_WARN_BOOL_CONVERSION = YES;
				CLANG_WARN_CONSTANT_CONVERSION = YES;
				CLANG_WARN_DIRECT_OBJC_ISA_USAGE = YES_ERROR;
				CLANG_WARN_DOCUMENTATION_COMMENTS = YES;
				CLANG_WARN_EMPTY_BODY = YES;
				CLANG_WARN_ENUM_CONVERSION = YES;
				CLANG_WARN_INFINITE_RECURSION = YES;
				CLANG_WARN_INT_CONVERSION = YES;
				CLANG_WARN_OBJC_ROOT_CLASS = YES_ERROR;
				CLANG_WARN_SUSPICIOUS_MOVE = YES;
				CLANG_WARN_UNREACHABLE_CODE = YES;
				CLANG_WARN__DUPLICATE_METHOD_MATCH = YES;
				"CODE_SIGN_IDENTITY[sdk=iphoneos*]" = "iPhone Developer";
				COPY_PHASE_STRIP = NO;
				DEBUG_INFORMATION_FORMAT = dwarf;
				ENABLE_STRICT_OBJC_MSGSEND = YES;
				ENABLE_TESTABILITY = YES;
				GCC_C_LANGUAGE_STANDARD = gnu99;
				GCC_DYNAMIC_NO_PIC = NO;
				GCC_NO_COMMON_BLOCKS = YES;
				GCC_OPTIMIZATION_LEVEL = 0;
				GCC_PREPROCESSOR_DEFINITIONS = (
					"DEBUG=1",
					"$(inherited)",
				);
				GCC_WARN_64_TO_32_BIT_CONVERSION = YES;
				GCC_WARN_ABOUT_RETURN_TYPE = YES_ERROR;
				GCC_WARN_UNDECLARED_SELECTOR = YES;
				GCC_WARN_UNINITIALIZED_AUTOS = YES_AGGRESSIVE;
				GCC_WARN_UNUSED_FUNCTION = YES;
				GCC_WARN_UNUSED_VARIABLE = YES;
				IPHONEOS_DEPLOYMENT_TARGET = 10.3;
				MTL_ENABLE_DEBUG_INFO = YES;
				ONLY_ACTIVE_ARCH = YES;
				SDKROOT = iphoneos;
				SWIFT_ACTIVE_COMPILATION_CONDITIONS = DEBUG;
				SWIFT_OPTIMIZATION_LEVEL = "-Onone";
				TARGETED_DEVICE_FAMILY = "1,2";
			};
			name = Debug;
		};
		2D4816B11EC0EB200001ABDD /* Release */ = {
			isa = XCBuildConfiguration;
			buildSettings = {
				ALWAYS_SEARCH_USER_PATHS = NO;
				CLANG_ANALYZER_NONNULL = YES;
				CLANG_ANALYZER_NUMBER_OBJECT_CONVERSION = YES_AGGRESSIVE;
				CLANG_CXX_LANGUAGE_STANDARD = "gnu++0x";
				CLANG_CXX_LIBRARY = "libc++";
				CLANG_ENABLE_MODULES = YES;
				CLANG_ENABLE_OBJC_ARC = YES;
				CLANG_WARN_BOOL_CONVERSION = YES;
				CLANG_WARN_CONSTANT_CONVERSION = YES;
				CLANG_WARN_DIRECT_OBJC_ISA_USAGE = YES_ERROR;
				CLANG_WARN_DOCUMENTATION_COMMENTS = YES;
				CLANG_WARN_EMPTY_BODY = YES;
				CLANG_WARN_ENUM_CONVERSION = YES;
				CLANG_WARN_INFINITE_RECURSION = YES;
				CLANG_WARN_INT_CONVERSION = YES;
				CLANG_WARN_OBJC_ROOT_CLASS = YES_ERROR;
				CLANG_WARN_SUSPICIOUS_MOVE = YES;
				CLANG_WARN_UNREACHABLE_CODE = YES;
				CLANG_WARN__DUPLICATE_METHOD_MATCH = YES;
				"CODE_SIGN_IDENTITY[sdk=iphoneos*]" = "iPhone Developer";
				COPY_PHASE_STRIP = NO;
				DEBUG_INFORMATION_FORMAT = "dwarf-with-dsym";
				ENABLE_NS_ASSERTIONS = NO;
				ENABLE_STRICT_OBJC_MSGSEND = YES;
				GCC_C_LANGUAGE_STANDARD = gnu99;
				GCC_NO_COMMON_BLOCKS = YES;
				GCC_WARN_64_TO_32_BIT_CONVERSION = YES;
				GCC_WARN_ABOUT_RETURN_TYPE = YES_ERROR;
				GCC_WARN_UNDECLARED_SELECTOR = YES;
				GCC_WARN_UNINITIALIZED_AUTOS = YES_AGGRESSIVE;
				GCC_WARN_UNUSED_FUNCTION = YES;
				GCC_WARN_UNUSED_VARIABLE = YES;
				IPHONEOS_DEPLOYMENT_TARGET = 10.3;
				MTL_ENABLE_DEBUG_INFO = NO;
				SDKROOT = iphoneos;
				SWIFT_OPTIMIZATION_LEVEL = "-Owholemodule";
				TARGETED_DEVICE_FAMILY = "1,2";
				VALIDATE_PRODUCT = YES;
			};
			name = Release;
		};
		2D4816B31EC0EB200001ABDD /* Debug */ = {
			isa = XCBuildConfiguration;
			buildSettings = {
				ASSETCATALOG_COMPILER_APPICON_NAME = AppIcon;
				DEVELOPMENT_TEAM = W6KVFT267T;
				FRAMEWORK_SEARCH_PATHS = (
					"$(inherited)",
					"$(PROJECT_DIR)",
				);
				INFOPLIST_FILE = ProjectFour/Info.plist;
				LD_RUNPATH_SEARCH_PATHS = "$(inherited) @executable_path/Frameworks";
				PRODUCT_BUNDLE_IDENTIFIER = net.twoeighty.ProjectFour;
				PRODUCT_NAME = "$(TARGET_NAME)";
				SWIFT_VERSION = 3.0;
			};
			name = Debug;
		};
		2D4816B41EC0EB200001ABDD /* Release */ = {
			isa = XCBuildConfiguration;
			buildSettings = {
				ASSETCATALOG_COMPILER_APPICON_NAME = AppIcon;
				DEVELOPMENT_TEAM = W6KVFT267T;
				FRAMEWORK_SEARCH_PATHS = (
					"$(inherited)",
					"$(PROJECT_DIR)",
				);
				INFOPLIST_FILE = ProjectFour/Info.plist;
				LD_RUNPATH_SEARCH_PATHS = "$(inherited) @executable_path/Frameworks";
				PRODUCT_BUNDLE_IDENTIFIER = net.twoeighty.ProjectFour;
				PRODUCT_NAME = "$(TARGET_NAME)";
				SWIFT_VERSION = 3.0;
			};
			name = Release;
		};
/* End XCBuildConfiguration section */

/* Begin XCConfigurationList section */
		2D4816991EC0EB200001ABDD /* Build configuration list for PBXProject "ProjectFour" */ = {
			isa = XCConfigurationList;
			buildConfigurations = (
				2D4816B01EC0EB200001ABDD /* Debug */,
				2D4816B11EC0EB200001ABDD /* Release */,
			);
			defaultConfigurationIsVisible = 0;
			defaultConfigurationName = Release;
		};
		2D4816B21EC0EB200001ABDD /* Build configuration list for PBXNativeTarget "ProjectFour" */ = {
			isa = XCConfigurationList;
			buildConfigurations = (
				2D4816B31EC0EB200001ABDD /* Debug */,
				2D4816B41EC0EB200001ABDD /* Release */,
			);
			defaultConfigurationIsVisible = 0;
			defaultConfigurationName = Release;
		};
/* End XCConfigurationList section */
	};
	rootObject = 2D4816961EC0EB200001ABDD /* Project object */;
}
